
Microsoft Visual Studio Solution File, Format Version 12.00
# Visual Studio Version 16
VisualStudioVersion = 16.0.28729.10
MinimumVisualStudioVersion = 10.0.40219.1
Project("{FAE04EC0-301F-11D3-BF4B-00C04F79EFBC}") = "EvenAndOdd", "EvenAndOdd.csproj", "{B5E921A5-C077-4995-AC68-D37E83A77A47}"
EndProject
Global
	GlobalSection(SolutionConfigurationPlatforms) = preSolution
		Debug|Any CPU = Debug|Any CPU
		Release|Any CPU = Release|Any CPU
	EndGlobalSection
	GlobalSection(ProjectConfigurationPlatforms) = postSolution
		{B5E921A5-C077-4995-AC68-D37E83A77A47}.Debug|Any CPU.ActiveCfg = Debug|Any CPU
		{B5E921A5-C077-4995-AC68-D37E83A77A47}.Debug|Any CPU.Build.0 = Debug|Any CPU
		{B5E921A5-C077-4995-AC68-D37E83A77A47}.Release|Any CPU.ActiveCfg = Release|Any CPU
		{B5E921A5-C077-4995-AC68-D37E83A77A47}.Release|Any CPU.Build.0 = Release|Any CPU
	EndGlobalSection
	GlobalSection(SolutionProperties) = preSolution
		HideSolutionNode = FALSE
	EndGlobalSection
	GlobalSection(ExtensibilityGlobals) = postSolution
		SolutionGuid = {09A581DD-2B83-40F1-83FC-58819F7DECB2}
	EndGlobalSection
EndGlobal
